// !$*UTF8*$!
{
	archiveVersion = 1;
	classes = {
	};
	objectVersion = 46;
	objects = {

/* Begin PBXBuildFile section */
		502547961A1EC86600DCB8FB /* AddExpenseViewController.m in Sources */ = {isa = PBXBuildFile; fileRef = 502547951A1EC86600DCB8FB /* AddExpenseViewController.m */; };
		502547991A1ED26600DCB8FB /* reveal-icon.png in Resources */ = {isa = PBXBuildFile; fileRef = 502547971A1ED26600DCB8FB /* reveal-icon.png */; };
		5025479A1A1ED26600DCB8FB /* reveal-icon@2x.png in Resources */ = {isa = PBXBuildFile; fileRef = 502547981A1ED26600DCB8FB /* reveal-icon@2x.png */; };
		505AF9341A91577000E0CB28 /* EditExpenseTableViewController.m in Sources */ = {isa = PBXBuildFile; fileRef = 505AF9331A91577000E0CB28 /* EditExpenseTableViewController.m */; };
		505CA13B1A761723009CA7B1 /* NSDate+FirstAndLastDaysOfMonth.m in Sources */ = {isa = PBXBuildFile; fileRef = 505CA13A1A761723009CA7B1 /* NSDate+FirstAndLastDaysOfMonth.m */; };
		505CA13E1A761B21009CA7B1 /* Fetch.m in Sources */ = {isa = PBXBuildFile; fileRef = 505CA13D1A761B21009CA7B1 /* Fetch.m */; };
		506E72861A1E0B450006F2DF /* main.m in Sources */ = {isa = PBXBuildFile; fileRef = 506E72851A1E0B450006F2DF /* main.m */; };
		506E72891A1E0B450006F2DF /* AppDelegate.m in Sources */ = {isa = PBXBuildFile; fileRef = 506E72881A1E0B450006F2DF /* AppDelegate.m */; };
		506E728C1A1E0B450006F2DF /* DataModel.xcdatamodeld in Sources */ = {isa = PBXBuildFile; fileRef = 506E728A1A1E0B450006F2DF /* DataModel.xcdatamodeld */; };
		506E72921A1E0B450006F2DF /* Main.storyboard in Resources */ = {isa = PBXBuildFile; fileRef = 506E72901A1E0B450006F2DF /* Main.storyboard */; };
		506E72941A1E0B450006F2DF /* Images.xcassets in Resources */ = {isa = PBXBuildFile; fileRef = 506E72931A1E0B450006F2DF /* Images.xcassets */; };
		506E72971A1E0B450006F2DF /* LaunchScreen.xib in Resources */ = {isa = PBXBuildFile; fileRef = 506E72951A1E0B450006F2DF /* LaunchScreen.xib */; };
		506E72A31A1E0B450006F2DF /* DepozaTests.m in Sources */ = {isa = PBXBuildFile; fileRef = 506E72A21A1E0B450006F2DF /* DepozaTests.m */; };
		506E72B21A1E0D560006F2DF /* MainViewController.m in Sources */ = {isa = PBXBuildFile; fileRef = 506E72B11A1E0D560006F2DF /* MainViewController.m */; };
		508774871A1F0C19002D1A9E /* Expense.m in Sources */ = {isa = PBXBuildFile; fileRef = 508774861A1F0C19002D1A9E /* Expense.m */; };
		5097DACD1A921CD7006DB197 /* CategoryData+Fetch.m in Sources */ = {isa = PBXBuildFile; fileRef = 5097DACC1A921CD7006DB197 /* CategoryData+Fetch.m */; };
		5097DAD01A922294006DB197 /* ChooseCategoryTableViewController.m in Sources */ = {isa = PBXBuildFile; fileRef = 5097DACF1A922294006DB197 /* ChooseCategoryTableViewController.m */; };
		50A6C05D1A92C71800699862 /* ExpenseData+Fetch.m in Sources */ = {isa = PBXBuildFile; fileRef = 50A6C05C1A92C71800699862 /* ExpenseData+Fetch.m */; };
		50AA42EB1A87A22A0019CB55 /* AllExpensesTableViewController.m in Sources */ = {isa = PBXBuildFile; fileRef = 50AA42EA1A87A22A0019CB55 /* AllExpensesTableViewController.m */; };
		50AA42F51A87AC860019CB55 /* CategoryData.m in Sources */ = {isa = PBXBuildFile; fileRef = 50AA42F41A87AC860019CB55 /* CategoryData.m */; };
		50AA42F81A87AC860019CB55 /* ExpenseData.m in Sources */ = {isa = PBXBuildFile; fileRef = 50AA42F71A87AC860019CB55 /* ExpenseData.m */; };
		50B195D71A4A66FB00E0F0B8 /* MoreInfoTableViewController.m in Sources */ = {isa = PBXBuildFile; fileRef = 50B195D61A4A66FB00E0F0B8 /* MoreInfoTableViewController.m */; };
		50B3574D1A48596000168958 /* Persistence.m in Sources */ = {isa = PBXBuildFile; fileRef = 50B3574C1A48596000168958 /* Persistence.m */; };
		50BA1B9B1A960FB10091644D /* SettingsTableViewController.m in Sources */ = {isa = PBXBuildFile; fileRef = 50BA1B9A1A960FB10091644D /* SettingsTableViewController.m */; };
		50E227151A874DEE009209E2 /* NSDate+StartAndEndDatesOfTheCurrentDate.m in Sources */ = {isa = PBXBuildFile; fileRef = 50E227141A874DEE009209E2 /* NSDate+StartAndEndDatesOfTheCurrentDate.m */; };
		50EF5C4E1A7CDF7900890569 /* seed.sqlite in Resources */ = {isa = PBXBuildFile; fileRef = 50EF5C4D1A7CDF7900890569 /* seed.sqlite */; };
		50F41B381A88884400ABE09F /* TabIconSettings_Highlighted.png in Resources */ = {isa = PBXBuildFile; fileRef = 50F41B341A88884400ABE09F /* TabIconSettings_Highlighted.png */; };
		50F41B391A88884400ABE09F /* TabIconSettings_Highlighted@2x.png in Resources */ = {isa = PBXBuildFile; fileRef = 50F41B351A88884400ABE09F /* TabIconSettings_Highlighted@2x.png */; };
		50F41B3A1A88884400ABE09F /* TabIconSettings.png in Resources */ = {isa = PBXBuildFile; fileRef = 50F41B361A88884400ABE09F /* TabIconSettings.png */; };
		50F41B3B1A88884400ABE09F /* TabIconSettings@2x.png in Resources */ = {isa = PBXBuildFile; fileRef = 50F41B371A88884400ABE09F /* TabIconSettings@2x.png */; };
		50FDE3B11A9B5A8D007C9FC0 /* CategoriesContainerViewController.m in Sources */ = {isa = PBXBuildFile; fileRef = 50FDE3B01A9B5A8D007C9FC0 /* CategoriesContainerViewController.m */; };
		50FDE3B51A9B5EE4007C9FC0 /* CategoryInfoCollectionViewCell.m in Sources */ = {isa = PBXBuildFile; fileRef = 50FDE3B41A9B5EE4007C9FC0 /* CategoryInfoCollectionViewCell.m */; };
		50FEF8331A960309007BC483 /* AddCategoryViewController.m in Sources */ = {isa = PBXBuildFile; fileRef = 50FEF8321A960309007BC483 /* AddCategoryViewController.m */; };
		A70581F20A7C1421A8099790 /* libPods.a in Frameworks */ = {isa = PBXBuildFile; fileRef = 583FFBE7D2D90CA3E7515346 /* libPods.a */; };
/* End PBXBuildFile section */

/* Begin PBXContainerItemProxy section */
		506E729D1A1E0B450006F2DF /* PBXContainerItemProxy */ = {
			isa = PBXContainerItemProxy;
			containerPortal = 506E72781A1E0B450006F2DF /* Project object */;
			proxyType = 1;
			remoteGlobalIDString = 506E727F1A1E0B450006F2DF;
			remoteInfo = Depoza;
		};
/* End PBXContainerItemProxy section */

/* Begin PBXFileReference section */
		264746BB42B33C07DA0F2051 /* Pods.debug.xcconfig */ = {isa = PBXFileReference; includeInIndex = 1; lastKnownFileType = text.xcconfig; name = Pods.debug.xcconfig; path = "Pods/Target Support Files/Pods/Pods.debug.xcconfig"; sourceTree = "<group>"; };
		5005F2251A9C58DB008E59D4 /* MainViewControllerDelegate.h */ = {isa = PBXFileReference; fileEncoding = 4; lastKnownFileType = sourcecode.c.h; path = MainViewControllerDelegate.h; sourceTree = "<group>"; };
		502547941A1EC86600DCB8FB /* AddExpenseViewController.h */ = {isa = PBXFileReference; fileEncoding = 4; lastKnownFileType = sourcecode.c.h; path = AddExpenseViewController.h; sourceTree = "<group>"; };
		502547951A1EC86600DCB8FB /* AddExpenseViewController.m */ = {isa = PBXFileReference; fileEncoding = 4; lastKnownFileType = sourcecode.c.objc; path = AddExpenseViewController.m; sourceTree = "<group>"; };
		502547971A1ED26600DCB8FB /* reveal-icon.png */ = {isa = PBXFileReference; lastKnownFileType = image.png; path = "reveal-icon.png"; sourceTree = "<group>"; };
		502547981A1ED26600DCB8FB /* reveal-icon@2x.png */ = {isa = PBXFileReference; lastKnownFileType = image.png; path = "reveal-icon@2x.png"; sourceTree = "<group>"; };
		502A1E4D1A21FADC00C63EA6 /* AddExpenseViewControllerDelegate.h */ = {isa = PBXFileReference; fileEncoding = 4; lastKnownFileType = sourcecode.c.h; path = AddExpenseViewControllerDelegate.h; sourceTree = "<group>"; };
		505AF9321A91577000E0CB28 /* EditExpenseTableViewController.h */ = {isa = PBXFileReference; fileEncoding = 4; lastKnownFileType = sourcecode.c.h; path = EditExpenseTableViewController.h; sourceTree = "<group>"; };
		505AF9331A91577000E0CB28 /* EditExpenseTableViewController.m */ = {isa = PBXFileReference; fileEncoding = 4; lastKnownFileType = sourcecode.c.objc; path = EditExpenseTableViewController.m; sourceTree = "<group>"; };
		505CA1391A761723009CA7B1 /* NSDate+FirstAndLastDaysOfMonth.h */ = {isa = PBXFileReference; fileEncoding = 4; lastKnownFileType = sourcecode.c.h; path = "NSDate+FirstAndLastDaysOfMonth.h"; sourceTree = "<group>"; };
		505CA13A1A761723009CA7B1 /* NSDate+FirstAndLastDaysOfMonth.m */ = {isa = PBXFileReference; fileEncoding = 4; lastKnownFileType = sourcecode.c.objc; path = "NSDate+FirstAndLastDaysOfMonth.m"; sourceTree = "<group>"; };
		505CA13C1A761B21009CA7B1 /* Fetch.h */ = {isa = PBXFileReference; fileEncoding = 4; lastKnownFileType = sourcecode.c.h; path = Fetch.h; sourceTree = "<group>"; };
		505CA13D1A761B21009CA7B1 /* Fetch.m */ = {isa = PBXFileReference; fileEncoding = 4; lastKnownFileType = sourcecode.c.objc; path = Fetch.m; sourceTree = "<group>"; };
		506E72801A1E0B450006F2DF /* Depoza.app */ = {isa = PBXFileReference; explicitFileType = wrapper.application; includeInIndex = 0; path = Depoza.app; sourceTree = BUILT_PRODUCTS_DIR; };
		506E72841A1E0B450006F2DF /* Info.plist */ = {isa = PBXFileReference; lastKnownFileType = text.plist.xml; path = Info.plist; sourceTree = "<group>"; };
		506E72851A1E0B450006F2DF /* main.m */ = {isa = PBXFileReference; lastKnownFileType = sourcecode.c.objc; path = main.m; sourceTree = "<group>"; };
		506E72871A1E0B450006F2DF /* AppDelegate.h */ = {isa = PBXFileReference; lastKnownFileType = sourcecode.c.h; path = AppDelegate.h; sourceTree = "<group>"; };
		506E72881A1E0B450006F2DF /* AppDelegate.m */ = {isa = PBXFileReference; lastKnownFileType = sourcecode.c.objc; path = AppDelegate.m; sourceTree = "<group>"; };
		506E728B1A1E0B450006F2DF /* DataModel.xcdatamodel */ = {isa = PBXFileReference; lastKnownFileType = wrapper.xcdatamodel; path = DataModel.xcdatamodel; sourceTree = "<group>"; };
		506E72911A1E0B450006F2DF /* Base */ = {isa = PBXFileReference; lastKnownFileType = file.storyboard; name = Base; path = Base.lproj/Main.storyboard; sourceTree = "<group>"; };
		506E72931A1E0B450006F2DF /* Images.xcassets */ = {isa = PBXFileReference; lastKnownFileType = folder.assetcatalog; path = Images.xcassets; sourceTree = "<group>"; };
		506E72961A1E0B450006F2DF /* Base */ = {isa = PBXFileReference; lastKnownFileType = file.xib; name = Base; path = Base.lproj/LaunchScreen.xib; sourceTree = "<group>"; };
		506E729C1A1E0B450006F2DF /* DepozaTests.xctest */ = {isa = PBXFileReference; explicitFileType = wrapper.cfbundle; includeInIndex = 0; path = DepozaTests.xctest; sourceTree = BUILT_PRODUCTS_DIR; };
		506E72A11A1E0B450006F2DF /* Info.plist */ = {isa = PBXFileReference; lastKnownFileType = text.plist.xml; path = Info.plist; sourceTree = "<group>"; };
		506E72A21A1E0B450006F2DF /* DepozaTests.m */ = {isa = PBXFileReference; lastKnownFileType = sourcecode.c.objc; path = DepozaTests.m; sourceTree = "<group>"; };
		506E72B01A1E0D560006F2DF /* MainViewController.h */ = {isa = PBXFileReference; fileEncoding = 4; lastKnownFileType = sourcecode.c.h; path = MainViewController.h; sourceTree = "<group>"; };
		506E72B11A1E0D560006F2DF /* MainViewController.m */ = {isa = PBXFileReference; fileEncoding = 4; lastKnownFileType = sourcecode.c.objc; path = MainViewController.m; sourceTree = "<group>"; };
		508774851A1F0C19002D1A9E /* Expense.h */ = {isa = PBXFileReference; fileEncoding = 4; lastKnownFileType = sourcecode.c.h; path = Expense.h; sourceTree = "<group>"; };
		508774861A1F0C19002D1A9E /* Expense.m */ = {isa = PBXFileReference; fileEncoding = 4; lastKnownFileType = sourcecode.c.objc; path = Expense.m; sourceTree = "<group>"; };
		5097DACB1A921CD7006DB197 /* CategoryData+Fetch.h */ = {isa = PBXFileReference; fileEncoding = 4; lastKnownFileType = sourcecode.c.h; path = "CategoryData+Fetch.h"; sourceTree = "<group>"; };
		5097DACC1A921CD7006DB197 /* CategoryData+Fetch.m */ = {isa = PBXFileReference; fileEncoding = 4; lastKnownFileType = sourcecode.c.objc; path = "CategoryData+Fetch.m"; sourceTree = "<group>"; };
		5097DACE1A922294006DB197 /* ChooseCategoryTableViewController.h */ = {isa = PBXFileReference; fileEncoding = 4; lastKnownFileType = sourcecode.c.h; path = ChooseCategoryTableViewController.h; sourceTree = "<group>"; };
		5097DACF1A922294006DB197 /* ChooseCategoryTableViewController.m */ = {isa = PBXFileReference; fileEncoding = 4; lastKnownFileType = sourcecode.c.objc; path = ChooseCategoryTableViewController.m; sourceTree = "<group>"; };
		50A6C05B1A92C71800699862 /* ExpenseData+Fetch.h */ = {isa = PBXFileReference; fileEncoding = 4; lastKnownFileType = sourcecode.c.h; path = "ExpenseData+Fetch.h"; sourceTree = "<group>"; };
		50A6C05C1A92C71800699862 /* ExpenseData+Fetch.m */ = {isa = PBXFileReference; fileEncoding = 4; lastKnownFileType = sourcecode.c.objc; path = "ExpenseData+Fetch.m"; sourceTree = "<group>"; };
		50AA42E91A87A22A0019CB55 /* AllExpensesTableViewController.h */ = {isa = PBXFileReference; fileEncoding = 4; lastKnownFileType = sourcecode.c.h; path = AllExpensesTableViewController.h; sourceTree = "<group>"; };
		50AA42EA1A87A22A0019CB55 /* AllExpensesTableViewController.m */ = {isa = PBXFileReference; fileEncoding = 4; lastKnownFileType = sourcecode.c.objc; path = AllExpensesTableViewController.m; sourceTree = "<group>"; };
		50AA42F31A87AC860019CB55 /* CategoryData.h */ = {isa = PBXFileReference; fileEncoding = 4; lastKnownFileType = sourcecode.c.h; path = CategoryData.h; sourceTree = "<group>"; };
		50AA42F41A87AC860019CB55 /* CategoryData.m */ = {isa = PBXFileReference; fileEncoding = 4; lastKnownFileType = sourcecode.c.objc; path = CategoryData.m; sourceTree = "<group>"; };
		50AA42F61A87AC860019CB55 /* ExpenseData.h */ = {isa = PBXFileReference; fileEncoding = 4; lastKnownFileType = sourcecode.c.h; path = ExpenseData.h; sourceTree = "<group>"; };
		50AA42F71A87AC860019CB55 /* ExpenseData.m */ = {isa = PBXFileReference; fileEncoding = 4; lastKnownFileType = sourcecode.c.objc; path = ExpenseData.m; sourceTree = "<group>"; };
		50B195D51A4A66FB00E0F0B8 /* MoreInfoTableViewController.h */ = {isa = PBXFileReference; fileEncoding = 4; lastKnownFileType = sourcecode.c.h; path = MoreInfoTableViewController.h; sourceTree = "<group>"; };
		50B195D61A4A66FB00E0F0B8 /* MoreInfoTableViewController.m */ = {isa = PBXFileReference; fileEncoding = 4; lastKnownFileType = sourcecode.c.objc; path = MoreInfoTableViewController.m; sourceTree = "<group>"; };
		50B3574B1A48596000168958 /* Persistence.h */ = {isa = PBXFileReference; fileEncoding = 4; lastKnownFileType = sourcecode.c.h; path = Persistence.h; sourceTree = "<group>"; };
		50B3574C1A48596000168958 /* Persistence.m */ = {isa = PBXFileReference; fileEncoding = 4; lastKnownFileType = sourcecode.c.objc; path = Persistence.m; sourceTree = "<group>"; };
		50BA1B991A960FB10091644D /* SettingsTableViewController.h */ = {isa = PBXFileReference; fileEncoding = 4; lastKnownFileType = sourcecode.c.h; path = SettingsTableViewController.h; sourceTree = "<group>"; };
		50BA1B9A1A960FB10091644D /* SettingsTableViewController.m */ = {isa = PBXFileReference; fileEncoding = 4; lastKnownFileType = sourcecode.c.objc; path = SettingsTableViewController.m; sourceTree = "<group>"; };
		50D4E0F81A9225620040C260 /* ChooseCategoryTableViewControllerDelegate.h */ = {isa = PBXFileReference; fileEncoding = 4; lastKnownFileType = sourcecode.c.h; path = ChooseCategoryTableViewControllerDelegate.h; sourceTree = "<group>"; };
		50E227131A874DEE009209E2 /* NSDate+StartAndEndDatesOfTheCurrentDate.h */ = {isa = PBXFileReference; fileEncoding = 4; lastKnownFileType = sourcecode.c.h; path = "NSDate+StartAndEndDatesOfTheCurrentDate.h"; sourceTree = "<group>"; };
		50E227141A874DEE009209E2 /* NSDate+StartAndEndDatesOfTheCurrentDate.m */ = {isa = PBXFileReference; fileEncoding = 4; lastKnownFileType = sourcecode.c.objc; path = "NSDate+StartAndEndDatesOfTheCurrentDate.m"; sourceTree = "<group>"; };
		50E50B241A96C7B20025D0E1 /* EditExpenseTableViewControllerDelegate.h */ = {isa = PBXFileReference; fileEncoding = 4; lastKnownFileType = sourcecode.c.h; path = EditExpenseTableViewControllerDelegate.h; sourceTree = "<group>"; };
		50E50B251A96CAF30025D0E1 /* AddCategoryViewControllerDelegate.h */ = {isa = PBXFileReference; fileEncoding = 4; lastKnownFileType = sourcecode.c.h; path = AddCategoryViewControllerDelegate.h; sourceTree = "<group>"; };
		50EF5C4D1A7CDF7900890569 /* seed.sqlite */ = {isa = PBXFileReference; lastKnownFileType = file; path = seed.sqlite; sourceTree = "<group>"; };
		50F41B341A88884400ABE09F /* TabIconSettings_Highlighted.png */ = {isa = PBXFileReference; lastKnownFileType = image.png; path = TabIconSettings_Highlighted.png; sourceTree = "<group>"; };
		50F41B351A88884400ABE09F /* TabIconSettings_Highlighted@2x.png */ = {isa = PBXFileReference; lastKnownFileType = image.png; path = "TabIconSettings_Highlighted@2x.png"; sourceTree = "<group>"; };
		50F41B361A88884400ABE09F /* TabIconSettings.png */ = {isa = PBXFileReference; lastKnownFileType = image.png; path = TabIconSettings.png; sourceTree = "<group>"; };
		50F41B371A88884400ABE09F /* TabIconSettings@2x.png */ = {isa = PBXFileReference; lastKnownFileType = image.png; path = "TabIconSettings@2x.png"; sourceTree = "<group>"; };
		50FDE3AF1A9B5A8D007C9FC0 /* CategoriesContainerViewController.h */ = {isa = PBXFileReference; fileEncoding = 4; lastKnownFileType = sourcecode.c.h; path = CategoriesContainerViewController.h; sourceTree = "<group>"; };
		50FDE3B01A9B5A8D007C9FC0 /* CategoriesContainerViewController.m */ = {isa = PBXFileReference; fileEncoding = 4; lastKnownFileType = sourcecode.c.objc; path = CategoriesContainerViewController.m; sourceTree = "<group>"; };
		50FDE3B31A9B5EE4007C9FC0 /* CategoryInfoCollectionViewCell.h */ = {isa = PBXFileReference; fileEncoding = 4; lastKnownFileType = sourcecode.c.h; path = CategoryInfoCollectionViewCell.h; sourceTree = "<group>"; };
		50FDE3B41A9B5EE4007C9FC0 /* CategoryInfoCollectionViewCell.m */ = {isa = PBXFileReference; fileEncoding = 4; lastKnownFileType = sourcecode.c.objc; path = CategoryInfoCollectionViewCell.m; sourceTree = "<group>"; };
		50FEF8311A960309007BC483 /* AddCategoryViewController.h */ = {isa = PBXFileReference; fileEncoding = 4; lastKnownFileType = sourcecode.c.h; path = AddCategoryViewController.h; sourceTree = "<group>"; };
		50FEF8321A960309007BC483 /* AddCategoryViewController.m */ = {isa = PBXFileReference; fileEncoding = 4; lastKnownFileType = sourcecode.c.objc; path = AddCategoryViewController.m; sourceTree = "<group>"; };
		583FFBE7D2D90CA3E7515346 /* libPods.a */ = {isa = PBXFileReference; explicitFileType = archive.ar; includeInIndex = 0; path = libPods.a; sourceTree = BUILT_PRODUCTS_DIR; };
		99C6B0C42A04101D60C4BD79 /* Pods.release.xcconfig */ = {isa = PBXFileReference; includeInIndex = 1; lastKnownFileType = text.xcconfig; name = Pods.release.xcconfig; path = "Pods/Target Support Files/Pods/Pods.release.xcconfig"; sourceTree = "<group>"; };
/* End PBXFileReference section */

/* Begin PBXFrameworksBuildPhase section */
		506E727D1A1E0B450006F2DF /* Frameworks */ = {
			isa = PBXFrameworksBuildPhase;
			buildActionMask = 2147483647;
			files = (
				A70581F20A7C1421A8099790 /* libPods.a in Frameworks */,
			);
			runOnlyForDeploymentPostprocessing = 0;
		};
		506E72991A1E0B450006F2DF /* Frameworks */ = {
			isa = PBXFrameworksBuildPhase;
			buildActionMask = 2147483647;
			files = (
			);
			runOnlyForDeploymentPostprocessing = 0;
		};
/* End PBXFrameworksBuildPhase section */

/* Begin PBXGroup section */
		5025479B1A1ED27600DCB8FB /* Resources */ = {
			isa = PBXGroup;
			children = (
				50F41B341A88884400ABE09F /* TabIconSettings_Highlighted.png */,
				50F41B351A88884400ABE09F /* TabIconSettings_Highlighted@2x.png */,
				50F41B361A88884400ABE09F /* TabIconSettings.png */,
				50F41B371A88884400ABE09F /* TabIconSettings@2x.png */,
				502547971A1ED26600DCB8FB /* reveal-icon.png */,
				502547981A1ED26600DCB8FB /* reveal-icon@2x.png */,
			);
			name = Resources;
			sourceTree = "<group>";
		};
		502589B41A961B4200918017 /* SettingsView */ = {
			isa = PBXGroup;
			children = (
				50BA1B991A960FB10091644D /* SettingsTableViewController.h */,
				50BA1B9A1A960FB10091644D /* SettingsTableViewController.m */,
			);
			name = SettingsView;
			sourceTree = "<group>";
		};
		505CA13F1A762653009CA7B1 /* Categories */ = {
			isa = PBXGroup;
			children = (
				505CA1391A761723009CA7B1 /* NSDate+FirstAndLastDaysOfMonth.h */,
				505CA13A1A761723009CA7B1 /* NSDate+FirstAndLastDaysOfMonth.m */,
				50E227131A874DEE009209E2 /* NSDate+StartAndEndDatesOfTheCurrentDate.h */,
				50E227141A874DEE009209E2 /* NSDate+StartAndEndDatesOfTheCurrentDate.m */,
			);
			name = Categories;
			sourceTree = "<group>";
		};
		5063D1981A85F0B3006168D3 /* AppDelegate */ = {
			isa = PBXGroup;
			children = (
				506E72871A1E0B450006F2DF /* AppDelegate.h */,
				506E72881A1E0B450006F2DF /* AppDelegate.m */,
			);
			name = AppDelegate;
			sourceTree = "<group>";
		};
		5063D1991A85F0C2006168D3 /* MainView */ = {
			isa = PBXGroup;
			children = (
				506E72B01A1E0D560006F2DF /* MainViewController.h */,
				506E72B11A1E0D560006F2DF /* MainViewController.m */,
				5005F2251A9C58DB008E59D4 /* MainViewControllerDelegate.h */,
				50FDE3B21A9B5A95007C9FC0 /* ContainerView */,
			);
			name = MainView;
			sourceTree = "<group>";
		};
		5063D19B1A85F0EF006168D3 /* AddExpenseView */ = {
			isa = PBXGroup;
			children = (
				502547941A1EC86600DCB8FB /* AddExpenseViewController.h */,
				502547951A1EC86600DCB8FB /* AddExpenseViewController.m */,
				502A1E4D1A21FADC00C63EA6 /* AddExpenseViewControllerDelegate.h */,
			);
			name = AddExpenseView;
			sourceTree = "<group>";
		};
		5063D19C1A85F0FE006168D3 /* DetailsView */ = {
			isa = PBXGroup;
			children = (
				50B195D51A4A66FB00E0F0B8 /* MoreInfoTableViewController.h */,
				50B195D61A4A66FB00E0F0B8 /* MoreInfoTableViewController.m */,
			);
			name = DetailsView;
			sourceTree = "<group>";
		};
		506803DC1A91E273002A3DA0 /* EditView */ = {
			isa = PBXGroup;
			children = (
				505AF9321A91577000E0CB28 /* EditExpenseTableViewController.h */,
				505AF9331A91577000E0CB28 /* EditExpenseTableViewController.m */,
				50E50B241A96C7B20025D0E1 /* EditExpenseTableViewControllerDelegate.h */,
			);
			name = EditView;
			sourceTree = "<group>";
		};
		506E72771A1E0B450006F2DF = {
			isa = PBXGroup;
			children = (
				506E72821A1E0B450006F2DF /* Depoza */,
				506E729F1A1E0B450006F2DF /* DepozaTests */,
				506E72811A1E0B450006F2DF /* Products */,
				8845E87CAED0D14A2C22C71A /* Pods */,
				C73983BBCFAEFB03AF334D94 /* Frameworks */,
			);
			sourceTree = "<group>";
		};
		506E72811A1E0B450006F2DF /* Products */ = {
			isa = PBXGroup;
			children = (
				506E72801A1E0B450006F2DF /* Depoza.app */,
				506E729C1A1E0B450006F2DF /* DepozaTests.xctest */,
			);
			name = Products;
			sourceTree = "<group>";
		};
		506E72821A1E0B450006F2DF /* Depoza */ = {
			isa = PBXGroup;
			children = (
				5063D1981A85F0B3006168D3 /* AppDelegate */,
				50B3574E1A48597300168958 /* CoreData */,
				508774881A1F0C2A002D1A9E /* UserInterface */,
				506E72901A1E0B450006F2DF /* Main.storyboard */,
				506E72931A1E0B450006F2DF /* Images.xcassets */,
				506E72951A1E0B450006F2DF /* LaunchScreen.xib */,
				505CA13F1A762653009CA7B1 /* Categories */,
				5025479B1A1ED27600DCB8FB /* Resources */,
				506E72831A1E0B450006F2DF /* Supporting Files */,
			);
			path = Depoza;
			sourceTree = "<group>";
		};
		506E72831A1E0B450006F2DF /* Supporting Files */ = {
			isa = PBXGroup;
			children = (
				50EF5C4D1A7CDF7900890569 /* seed.sqlite */,
				506E72841A1E0B450006F2DF /* Info.plist */,
				506E72851A1E0B450006F2DF /* main.m */,
			);
			name = "Supporting Files";
			sourceTree = "<group>";
		};
		506E729F1A1E0B450006F2DF /* DepozaTests */ = {
			isa = PBXGroup;
			children = (
				506E72A21A1E0B450006F2DF /* DepozaTests.m */,
				506E72A01A1E0B450006F2DF /* Supporting Files */,
			);
			path = DepozaTests;
			sourceTree = "<group>";
		};
		506E72A01A1E0B450006F2DF /* Supporting Files */ = {
			isa = PBXGroup;
			children = (
				506E72A11A1E0B450006F2DF /* Info.plist */,
			);
			name = "Supporting Files";
			sourceTree = "<group>";
		};
		508774881A1F0C2A002D1A9E /* UserInterface */ = {
			isa = PBXGroup;
			children = (
				5063D1991A85F0C2006168D3 /* MainView */,
				50AA42EC1A87A2310019CB55 /* AllExpensesView */,
				5063D19B1A85F0EF006168D3 /* AddExpenseView */,
				5063D19C1A85F0FE006168D3 /* DetailsView */,
				506803DC1A91E273002A3DA0 /* EditView */,
				50D4E0F71A92253A0040C260 /* ChooseCategoryView */,
				502589B41A961B4200918017 /* SettingsView */,
				50FEF8341A96030E007BC483 /* AddCategoryView */,
			);
			name = UserInterface;
			sourceTree = "<group>";
		};
		50A6C05E1A92C99700699862 /* Expense */ = {
			isa = PBXGroup;
			children = (
				508774851A1F0C19002D1A9E /* Expense.h */,
				508774861A1F0C19002D1A9E /* Expense.m */,
				50AA42F61A87AC860019CB55 /* ExpenseData.h */,
				50AA42F71A87AC860019CB55 /* ExpenseData.m */,
				50A6C05B1A92C71800699862 /* ExpenseData+Fetch.h */,
				50A6C05C1A92C71800699862 /* ExpenseData+Fetch.m */,
			);
			name = Expense;
			sourceTree = "<group>";
		};
		50A6C05F1A92C9A000699862 /* Category */ = {
			isa = PBXGroup;
			children = (
				50AA42F31A87AC860019CB55 /* CategoryData.h */,
				50AA42F41A87AC860019CB55 /* CategoryData.m */,
				5097DACB1A921CD7006DB197 /* CategoryData+Fetch.h */,
				5097DACC1A921CD7006DB197 /* CategoryData+Fetch.m */,
			);
			name = Category;
			sourceTree = "<group>";
		};
		50AA42EC1A87A2310019CB55 /* AllExpensesView */ = {
			isa = PBXGroup;
			children = (
				50AA42E91A87A22A0019CB55 /* AllExpensesTableViewController.h */,
				50AA42EA1A87A22A0019CB55 /* AllExpensesTableViewController.m */,
			);
			name = AllExpensesView;
			sourceTree = "<group>";
		};
		50B3574E1A48597300168958 /* CoreData */ = {
			isa = PBXGroup;
			children = (
				506E728A1A1E0B450006F2DF /* DataModel.xcdatamodeld */,
				50B3574B1A48596000168958 /* Persistence.h */,
				50B3574C1A48596000168958 /* Persistence.m */,
				50A6C05E1A92C99700699862 /* Expense */,
				50A6C05F1A92C9A000699862 /* Category */,
				505CA13C1A761B21009CA7B1 /* Fetch.h */,
				505CA13D1A761B21009CA7B1 /* Fetch.m */,
			);
			name = CoreData;
			sourceTree = "<group>";
		};
		50D4E0F71A92253A0040C260 /* ChooseCategoryView */ = {
			isa = PBXGroup;
			children = (
				5097DACE1A922294006DB197 /* ChooseCategoryTableViewController.h */,
				5097DACF1A922294006DB197 /* ChooseCategoryTableViewController.m */,
				50D4E0F81A9225620040C260 /* ChooseCategoryTableViewControllerDelegate.h */,
			);
			name = ChooseCategoryView;
			sourceTree = "<group>";
		};
		50FDE3B21A9B5A95007C9FC0 /* ContainerView */ = {
			isa = PBXGroup;
			children = (
				50FDE3AF1A9B5A8D007C9FC0 /* CategoriesContainerViewController.h */,
				50FDE3B01A9B5A8D007C9FC0 /* CategoriesContainerViewController.m */,
				50FDE3B31A9B5EE4007C9FC0 /* CategoryInfoCollectionViewCell.h */,
				50FDE3B41A9B5EE4007C9FC0 /* CategoryInfoCollectionViewCell.m */,
			);
			name = ContainerView;
			sourceTree = "<group>";
		};
		50FEF8341A96030E007BC483 /* AddCategoryView */ = {
			isa = PBXGroup;
			children = (
				50FEF8311A960309007BC483 /* AddCategoryViewController.h */,
				50FEF8321A960309007BC483 /* AddCategoryViewController.m */,
				50E50B251A96CAF30025D0E1 /* AddCategoryViewControllerDelegate.h */,
			);
			name = AddCategoryView;
			sourceTree = "<group>";
		};
		8845E87CAED0D14A2C22C71A /* Pods */ = {
			isa = PBXGroup;
			children = (
				264746BB42B33C07DA0F2051 /* Pods.debug.xcconfig */,
				99C6B0C42A04101D60C4BD79 /* Pods.release.xcconfig */,
			);
			name = Pods;
			sourceTree = "<group>";
		};
		C73983BBCFAEFB03AF334D94 /* Frameworks */ = {
			isa = PBXGroup;
			children = (
				583FFBE7D2D90CA3E7515346 /* libPods.a */,
			);
			name = Frameworks;
			sourceTree = "<group>";
		};
/* End PBXGroup section */

/* Begin PBXNativeTarget section */
		506E727F1A1E0B450006F2DF /* Depoza */ = {
			isa = PBXNativeTarget;
			buildConfigurationList = 506E72A61A1E0B450006F2DF /* Build configuration list for PBXNativeTarget "Depoza" */;
			buildPhases = (
				D54B544B976FCF6A253DA474 /* Check Pods Manifest.lock */,
				506E727C1A1E0B450006F2DF /* Sources */,
				506E727D1A1E0B450006F2DF /* Frameworks */,
				506E727E1A1E0B450006F2DF /* Resources */,
				A0EBA1A8F4ED878B454DB9DE /* Copy Pods Resources */,
			);
			buildRules = (
			);
			dependencies = (
			);
			name = Depoza;
			productName = Depoza;
			productReference = 506E72801A1E0B450006F2DF /* Depoza.app */;
			productType = "com.apple.product-type.application";
		};
		506E729B1A1E0B450006F2DF /* DepozaTests */ = {
			isa = PBXNativeTarget;
			buildConfigurationList = 506E72A91A1E0B450006F2DF /* Build configuration list for PBXNativeTarget "DepozaTests" */;
			buildPhases = (
				506E72981A1E0B450006F2DF /* Sources */,
				506E72991A1E0B450006F2DF /* Frameworks */,
				506E729A1A1E0B450006F2DF /* Resources */,
			);
			buildRules = (
			);
			dependencies = (
				506E729E1A1E0B450006F2DF /* PBXTargetDependency */,
			);
			name = DepozaTests;
			productName = DepozaTests;
			productReference = 506E729C1A1E0B450006F2DF /* DepozaTests.xctest */;
			productType = "com.apple.product-type.bundle.unit-test";
		};
/* End PBXNativeTarget section */

/* Begin PBXProject section */
		506E72781A1E0B450006F2DF /* Project object */ = {
			isa = PBXProject;
			attributes = {
				LastUpgradeCheck = 0610;
				ORGANIZATIONNAME = "Ivan Magda";
				TargetAttributes = {
					506E727F1A1E0B450006F2DF = {
						CreatedOnToolsVersion = 6.1;
						DevelopmentTeam = 6UNHY8UY6E;
					};
					506E729B1A1E0B450006F2DF = {
						CreatedOnToolsVersion = 6.1;
						TestTargetID = 506E727F1A1E0B450006F2DF;
					};
				};
			};
			buildConfigurationList = 506E727B1A1E0B450006F2DF /* Build configuration list for PBXProject "Depoza" */;
			compatibilityVersion = "Xcode 3.2";
			developmentRegion = English;
			hasScannedForEncodings = 0;
			knownRegions = (
				en,
				Base,
			);
			mainGroup = 506E72771A1E0B450006F2DF;
			productRefGroup = 506E72811A1E0B450006F2DF /* Products */;
			projectDirPath = "";
			projectRoot = "";
			targets = (
				506E727F1A1E0B450006F2DF /* Depoza */,
				506E729B1A1E0B450006F2DF /* DepozaTests */,
			);
		};
/* End PBXProject section */

/* Begin PBXResourcesBuildPhase section */
		506E727E1A1E0B450006F2DF /* Resources */ = {
			isa = PBXResourcesBuildPhase;
			buildActionMask = 2147483647;
			files = (
				50F41B3B1A88884400ABE09F /* TabIconSettings@2x.png in Resources */,
				50F41B391A88884400ABE09F /* TabIconSettings_Highlighted@2x.png in Resources */,
				506E72921A1E0B450006F2DF /* Main.storyboard in Resources */,
				5025479A1A1ED26600DCB8FB /* reveal-icon@2x.png in Resources */,
				506E72971A1E0B450006F2DF /* LaunchScreen.xib in Resources */,
				50EF5C4E1A7CDF7900890569 /* seed.sqlite in Resources */,
				50F41B3A1A88884400ABE09F /* TabIconSettings.png in Resources */,
				50F41B381A88884400ABE09F /* TabIconSettings_Highlighted.png in Resources */,
				506E72941A1E0B450006F2DF /* Images.xcassets in Resources */,
				502547991A1ED26600DCB8FB /* reveal-icon.png in Resources */,
			);
			runOnlyForDeploymentPostprocessing = 0;
		};
		506E729A1A1E0B450006F2DF /* Resources */ = {
			isa = PBXResourcesBuildPhase;
			buildActionMask = 2147483647;
			files = (
			);
			runOnlyForDeploymentPostprocessing = 0;
		};
/* End PBXResourcesBuildPhase section */

/* Begin PBXShellScriptBuildPhase section */
		A0EBA1A8F4ED878B454DB9DE /* Copy Pods Resources */ = {
			isa = PBXShellScriptBuildPhase;
			buildActionMask = 2147483647;
			files = (
			);
			inputPaths = (
			);
			name = "Copy Pods Resources";
			outputPaths = (
			);
			runOnlyForDeploymentPostprocessing = 0;
			shellPath = /bin/sh;
			shellScript = "\"${SRCROOT}/Pods/Target Support Files/Pods/Pods-resources.sh\"\n";
			showEnvVarsInLog = 0;
		};
		D54B544B976FCF6A253DA474 /* Check Pods Manifest.lock */ = {
			isa = PBXShellScriptBuildPhase;
			buildActionMask = 2147483647;
			files = (
			);
			inputPaths = (
			);
			name = "Check Pods Manifest.lock";
			outputPaths = (
			);
			runOnlyForDeploymentPostprocessing = 0;
			shellPath = /bin/sh;
			shellScript = "diff \"${PODS_ROOT}/../Podfile.lock\" \"${PODS_ROOT}/Manifest.lock\" > /dev/null\nif [[ $? != 0 ]] ; then\n    cat << EOM\nerror: The sandbox is not in sync with the Podfile.lock. Run 'pod install' or update your CocoaPods installation.\nEOM\n    exit 1\nfi\n";
			showEnvVarsInLog = 0;
		};
/* End PBXShellScriptBuildPhase section */

/* Begin PBXSourcesBuildPhase section */
		506E727C1A1E0B450006F2DF /* Sources */ = {
			isa = PBXSourcesBuildPhase;
			buildActionMask = 2147483647;
			files = (
				506E728C1A1E0B450006F2DF /* DataModel.xcdatamodeld in Sources */,
				506E72891A1E0B450006F2DF /* AppDelegate.m in Sources */,
				50AA42F51A87AC860019CB55 /* CategoryData.m in Sources */,
				50FDE3B11A9B5A8D007C9FC0 /* CategoriesContainerViewController.m in Sources */,
				505CA13E1A761B21009CA7B1 /* Fetch.m in Sources */,
				50B195D71A4A66FB00E0F0B8 /* MoreInfoTableViewController.m in Sources */,
				502547961A1EC86600DCB8FB /* AddExpenseViewController.m in Sources */,
				50AA42F81A87AC860019CB55 /* ExpenseData.m in Sources */,
				50AA42EB1A87A22A0019CB55 /* AllExpensesTableViewController.m in Sources */,
				50B3574D1A48596000168958 /* Persistence.m in Sources */,
				505AF9341A91577000E0CB28 /* EditExpenseTableViewController.m in Sources */,
				508774871A1F0C19002D1A9E /* Expense.m in Sources */,
				50A6C05D1A92C71800699862 /* ExpenseData+Fetch.m in Sources */,
				50BA1B9B1A960FB10091644D /* SettingsTableViewController.m in Sources */,
				50E227151A874DEE009209E2 /* NSDate+StartAndEndDatesOfTheCurrentDate.m in Sources */,
				5097DACD1A921CD7006DB197 /* CategoryData+Fetch.m in Sources */,
				50FDE3B51A9B5EE4007C9FC0 /* CategoryInfoCollectionViewCell.m in Sources */,
				506E72861A1E0B450006F2DF /* main.m in Sources */,
				506E72B21A1E0D560006F2DF /* MainViewController.m in Sources */,
				5097DAD01A922294006DB197 /* ChooseCategoryTableViewController.m in Sources */,
				50FEF8331A960309007BC483 /* AddCategoryViewController.m in Sources */,
				505CA13B1A761723009CA7B1 /* NSDate+FirstAndLastDaysOfMonth.m in Sources */,
			);
			runOnlyForDeploymentPostprocessing = 0;
		};
		506E72981A1E0B450006F2DF /* Sources */ = {
			isa = PBXSourcesBuildPhase;
			buildActionMask = 2147483647;
			files = (
				506E72A31A1E0B450006F2DF /* DepozaTests.m in Sources */,
			);
			runOnlyForDeploymentPostprocessing = 0;
		};
/* End PBXSourcesBuildPhase section */

/* Begin PBXTargetDependency section */
		506E729E1A1E0B450006F2DF /* PBXTargetDependency */ = {
			isa = PBXTargetDependency;
			target = 506E727F1A1E0B450006F2DF /* Depoza */;
			targetProxy = 506E729D1A1E0B450006F2DF /* PBXContainerItemProxy */;
		};
/* End PBXTargetDependency section */

/* Begin PBXVariantGroup section */
		506E72901A1E0B450006F2DF /* Main.storyboard */ = {
			isa = PBXVariantGroup;
			children = (
				506E72911A1E0B450006F2DF /* Base */,
			);
			name = Main.storyboard;
			sourceTree = "<group>";
		};
		506E72951A1E0B450006F2DF /* LaunchScreen.xib */ = {
			isa = PBXVariantGroup;
			children = (
				506E72961A1E0B450006F2DF /* Base */,
			);
			name = LaunchScreen.xib;
			sourceTree = "<group>";
		};
/* End PBXVariantGroup section */

/* Begin XCBuildConfiguration section */
		506E72A41A1E0B450006F2DF /* Debug */ = {
			isa = XCBuildConfiguration;
			buildSettings = {
				ALWAYS_SEARCH_USER_PATHS = NO;
				CLANG_CXX_LANGUAGE_STANDARD = "gnu++0x";
				CLANG_CXX_LIBRARY = "libc++";
				CLANG_ENABLE_MODULES = YES;
				CLANG_ENABLE_OBJC_ARC = YES;
				CLANG_WARN_BOOL_CONVERSION = YES;
				CLANG_WARN_CONSTANT_CONVERSION = YES;
				CLANG_WARN_DIRECT_OBJC_ISA_USAGE = YES_ERROR;
				CLANG_WARN_EMPTY_BODY = YES;
				CLANG_WARN_ENUM_CONVERSION = YES;
				CLANG_WARN_INT_CONVERSION = YES;
				CLANG_WARN_OBJC_ROOT_CLASS = YES_ERROR;
				CLANG_WARN_UNREACHABLE_CODE = YES;
				CLANG_WARN__DUPLICATE_METHOD_MATCH = YES;
				"CODE_SIGN_IDENTITY[sdk=iphoneos*]" = "iPhone Developer";
				COPY_PHASE_STRIP = NO;
				ENABLE_STRICT_OBJC_MSGSEND = YES;
				GCC_C_LANGUAGE_STANDARD = gnu99;
				GCC_DYNAMIC_NO_PIC = NO;
				GCC_OPTIMIZATION_LEVEL = 0;
				GCC_PREPROCESSOR_DEFINITIONS = (
					"DEBUG=1",
					"$(inherited)",
				);
				GCC_SYMBOLS_PRIVATE_EXTERN = NO;
				GCC_WARN_64_TO_32_BIT_CONVERSION = YES;
				GCC_WARN_ABOUT_RETURN_TYPE = YES_ERROR;
				GCC_WARN_UNDECLARED_SELECTOR = YES;
				GCC_WARN_UNINITIALIZED_AUTOS = YES_AGGRESSIVE;
				GCC_WARN_UNUSED_FUNCTION = YES;
				GCC_WARN_UNUSED_VARIABLE = YES;
				IPHONEOS_DEPLOYMENT_TARGET = 8.1;
				MTL_ENABLE_DEBUG_INFO = YES;
				ONLY_ACTIVE_ARCH = YES;
				SDKROOT = iphoneos;
			};
			name = Debug;
		};
		506E72A51A1E0B450006F2DF /* Release */ = {
			isa = XCBuildConfiguration;
			buildSettings = {
				ALWAYS_SEARCH_USER_PATHS = NO;
				CLANG_CXX_LANGUAGE_STANDARD = "gnu++0x";
				CLANG_CXX_LIBRARY = "libc++";
				CLANG_ENABLE_MODULES = YES;
				CLANG_ENABLE_OBJC_ARC = YES;
				CLANG_WARN_BOOL_CONVERSION = YES;
				CLANG_WARN_CONSTANT_CONVERSION = YES;
				CLANG_WARN_DIRECT_OBJC_ISA_USAGE = YES_ERROR;
				CLANG_WARN_EMPTY_BODY = YES;
				CLANG_WARN_ENUM_CONVERSION = YES;
				CLANG_WARN_INT_CONVERSION = YES;
				CLANG_WARN_OBJC_ROOT_CLASS = YES_ERROR;
				CLANG_WARN_UNREACHABLE_CODE = YES;
				CLANG_WARN__DUPLICATE_METHOD_MATCH = YES;
				"CODE_SIGN_IDENTITY[sdk=iphoneos*]" = "iPhone Developer";
				COPY_PHASE_STRIP = YES;
				ENABLE_NS_ASSERTIONS = NO;
				ENABLE_STRICT_OBJC_MSGSEND = YES;
				GCC_C_LANGUAGE_STANDARD = gnu99;
				GCC_WARN_64_TO_32_BIT_CONVERSION = YES;
				GCC_WARN_ABOUT_RETURN_TYPE = YES_ERROR;
				GCC_WARN_UNDECLARED_SELECTOR = YES;
				GCC_WARN_UNINITIALIZED_AUTOS = YES_AGGRESSIVE;
				GCC_WARN_UNUSED_FUNCTION = YES;
				GCC_WARN_UNUSED_VARIABLE = YES;
				IPHONEOS_DEPLOYMENT_TARGET = 8.1;
				MTL_ENABLE_DEBUG_INFO = NO;
				SDKROOT = iphoneos;
				VALIDATE_PRODUCT = YES;
			};
			name = Release;
		};
		506E72A71A1E0B450006F2DF /* Debug */ = {
			isa = XCBuildConfiguration;
			baseConfigurationReference = 264746BB42B33C07DA0F2051 /* Pods.debug.xcconfig */;
			buildSettings = {
				ASSETCATALOG_COMPILER_APPICON_NAME = AppIcon;
				INFOPLIST_FILE = Depoza/Info.plist;
				LD_RUNPATH_SEARCH_PATHS = "$(inherited) @executable_path/Frameworks";
				PRODUCT_NAME = "$(TARGET_NAME)";
			};
			name = Debug;
		};
		506E72A81A1E0B450006F2DF /* Release */ = {
			isa = XCBuildConfiguration;
			baseConfigurationReference = 99C6B0C42A04101D60C4BD79 /* Pods.release.xcconfig */;
			buildSettings = {
				ASSETCATALOG_COMPILER_APPICON_NAME = AppIcon;
				INFOPLIST_FILE = Depoza/Info.plist;
				LD_RUNPATH_SEARCH_PATHS = "$(inherited) @executable_path/Frameworks";
				PRODUCT_NAME = "$(TARGET_NAME)";
			};
			name = Release;
		};
		506E72AA1A1E0B450006F2DF /* Debug */ = {
			isa = XCBuildConfiguration;
			buildSettings = {
				BUNDLE_LOADER = "$(TEST_HOST)";
				FRAMEWORK_SEARCH_PATHS = (
					"$(SDKROOT)/Developer/Library/Frameworks",
					"$(inherited)",
				);
				GCC_PREPROCESSOR_DEFINITIONS = (
					"DEBUG=1",
					"$(inherited)",
				);
				INFOPLIST_FILE = DepozaTests/Info.plist;
				LD_RUNPATH_SEARCH_PATHS = "$(inherited) @executable_path/Frameworks @loader_path/Frameworks";
				PRODUCT_NAME = "$(TARGET_NAME)";
				TEST_HOST = "$(BUILT_PRODUCTS_DIR)/Depoza.app/Depoza";
			};
			name = Debug;
		};
		506E72AB1A1E0B450006F2DF /* Release */ = {
			isa = XCBuildConfiguration;
			buildSettings = {
				BUNDLE_LOADER = "$(TEST_HOST)";
				FRAMEWORK_SEARCH_PATHS = (
					"$(SDKROOT)/Developer/Library/Frameworks",
					"$(inherited)",
				);
				INFOPLIST_FILE = DepozaTests/Info.plist;
				LD_RUNPATH_SEARCH_PATHS = "$(inherited) @executable_path/Frameworks @loader_path/Frameworks";
				PRODUCT_NAME = "$(TARGET_NAME)";
				TEST_HOST = "$(BUILT_PRODUCTS_DIR)/Depoza.app/Depoza";
			};
			name = Release;
		};
/* End XCBuildConfiguration section */

/* Begin XCConfigurationList section */
		506E727B1A1E0B450006F2DF /* Build configuration list for PBXProject "Depoza" */ = {
			isa = XCConfigurationList;
			buildConfigurations = (
				506E72A41A1E0B450006F2DF /* Debug */,
				506E72A51A1E0B450006F2DF /* Release */,
			);
			defaultConfigurationIsVisible = 0;
			defaultConfigurationName = Release;
		};
		506E72A61A1E0B450006F2DF /* Build configuration list for PBXNativeTarget "Depoza" */ = {
			isa = XCConfigurationList;
			buildConfigurations = (
				506E72A71A1E0B450006F2DF /* Debug */,
				506E72A81A1E0B450006F2DF /* Release */,
			);
			defaultConfigurationIsVisible = 0;
			defaultConfigurationName = Release;
		};
		506E72A91A1E0B450006F2DF /* Build configuration list for PBXNativeTarget "DepozaTests" */ = {
			isa = XCConfigurationList;
			buildConfigurations = (
				506E72AA1A1E0B450006F2DF /* Debug */,
				506E72AB1A1E0B450006F2DF /* Release */,
			);
			defaultConfigurationIsVisible = 0;
			defaultConfigurationName = Release;
		};
/* End XCConfigurationList section */

/* Begin XCVersionGroup section */
		506E728A1A1E0B450006F2DF /* DataModel.xcdatamodeld */ = {
			isa = XCVersionGroup;
			children = (
				506E728B1A1E0B450006F2DF /* DataModel.xcdatamodel */,
			);
			currentVersion = 506E728B1A1E0B450006F2DF /* DataModel.xcdatamodel */;
			path = DataModel.xcdatamodeld;
			sourceTree = "<group>";
			versionGroupType = wrapper.xcdatamodel;
		};
/* End XCVersionGroup section */
	};
	rootObject = 506E72781A1E0B450006F2DF /* Project object */;
}
